
Microsoft Visual Studio Solution File, Format Version 12.00
# Visual Studio 14
VisualStudioVersion = 14.0.25123.0
MinimumVisualStudioVersion = 10.0.40219.1
Project("{FAE04EC0-301F-11D3-BF4B-00C04F79EFBC}") = "hack-it-mvc", "hack-it-mvc\hack-it-mvc.csproj", "{1EFB0E6F-0AC7-436D-9D74-8A10EAD6808D}"
EndProject
Global
	GlobalSection(SolutionConfigurationPlatforms) = preSolution
		Debug|Any CPU = Debug|Any CPU
		Release|Any CPU = Release|Any CPU
	EndGlobalSection
	GlobalSection(ProjectConfigurationPlatforms) = postSolution
		{1EFB0E6F-0AC7-436D-9D74-8A10EAD6808D}.Debug|Any CPU.ActiveCfg = Debug|Any CPU
		{1EFB0E6F-0AC7-436D-9D74-8A10EAD6808D}.Debug|Any CPU.Build.0 = Debug|Any CPU
		{1EFB0E6F-0AC7-436D-9D74-8A10EAD6808D}.Release|Any CPU.ActiveCfg = Release|Any CPU
		{1EFB0E6F-0AC7-436D-9D74-8A10EAD6808D}.Release|Any CPU.Build.0 = Release|Any CPU
	EndGlobalSection
	GlobalSection(SolutionProperties) = preSolution
		HideSolutionNode = FALSE
	EndGlobalSection
EndGlobal
